// !$*UTF8*$!
{
	archiveVersion = 1;
	classes = {
	};
	objectVersion = 46;
	objects = {

/* Begin PBXBuildFile section */
		146BE5398EA4544FD4521F19 /* Pods_instagram_codepath.framework in Frameworks */ = {isa = PBXBuildFile; fileRef = 3CD144875BED4E5709B076F5 /* Pods_instagram_codepath.framework */; };
		EF8E703C1C62F7B100C7D118 /* AppDelegate.swift in Sources */ = {isa = PBXBuildFile; fileRef = EF8E703B1C62F7B100C7D118 /* AppDelegate.swift */; };
		EF8E703E1C62F7B100C7D118 /* PhotosViewController.swift in Sources */ = {isa = PBXBuildFile; fileRef = EF8E703D1C62F7B100C7D118 /* PhotosViewController.swift */; };
		EF8E70411C62F7B100C7D118 /* Main.storyboard in Resources */ = {isa = PBXBuildFile; fileRef = EF8E703F1C62F7B100C7D118 /* Main.storyboard */; };
		EF8E70431C62F7B100C7D118 /* Assets.xcassets in Resources */ = {isa = PBXBuildFile; fileRef = EF8E70421C62F7B100C7D118 /* Assets.xcassets */; };
		EF8E70461C62F7B100C7D118 /* LaunchScreen.storyboard in Resources */ = {isa = PBXBuildFile; fileRef = EF8E70441C62F7B100C7D118 /* LaunchScreen.storyboard */; };
		EFCB55AB1C630695007A57D3 /* InstaViewCell.swift in Sources */ = {isa = PBXBuildFile; fileRef = EFCB55AA1C630695007A57D3 /* InstaViewCell.swift */; };
/* End PBXBuildFile section */

/* Begin PBXFileReference section */
		3CD144875BED4E5709B076F5 /* Pods_instagram_codepath.framework */ = {isa = PBXFileReference; explicitFileType = wrapper.framework; includeInIndex = 0; path = Pods_instagram_codepath.framework; sourceTree = BUILT_PRODUCTS_DIR; };
		406455DAF3CD7E6EC82C0E37 /* Pods-instagram-codepath.debug.xcconfig */ = {isa = PBXFileReference; includeInIndex = 1; lastKnownFileType = text.xcconfig; name = "Pods-instagram-codepath.debug.xcconfig"; path = "Pods/Target Support Files/Pods-instagram-codepath/Pods-instagram-codepath.debug.xcconfig"; sourceTree = "<group>"; };
		73655BDE7A630AC7DAAE056C /* Pods-instagram-codepath.release.xcconfig */ = {isa = PBXFileReference; includeInIndex = 1; lastKnownFileType = text.xcconfig; name = "Pods-instagram-codepath.release.xcconfig"; path = "Pods/Target Support Files/Pods-instagram-codepath/Pods-instagram-codepath.release.xcconfig"; sourceTree = "<group>"; };
		EF8E70381C62F7B000C7D118 /* instagram-codepath.app */ = {isa = PBXFileReference; explicitFileType = wrapper.application; includeInIndex = 0; path = "instagram-codepath.app"; sourceTree = BUILT_PRODUCTS_DIR; };
		EF8E703B1C62F7B100C7D118 /* AppDelegate.swift */ = {isa = PBXFileReference; lastKnownFileType = sourcecode.swift; path = AppDelegate.swift; sourceTree = "<group>"; };
		EF8E703D1C62F7B100C7D118 /* PhotosViewController.swift */ = {isa = PBXFileReference; lastKnownFileType = sourcecode.swift; path = PhotosViewController.swift; sourceTree = "<group>"; };
		EF8E70401C62F7B100C7D118 /* Base */ = {isa = PBXFileReference; lastKnownFileType = file.storyboard; name = Base; path = Base.lproj/Main.storyboard; sourceTree = "<group>"; };
		EF8E70421C62F7B100C7D118 /* Assets.xcassets */ = {isa = PBXFileReference; lastKnownFileType = folder.assetcatalog; path = Assets.xcassets; sourceTree = "<group>"; };
		EF8E70451C62F7B100C7D118 /* Base */ = {isa = PBXFileReference; lastKnownFileType = file.storyboard; name = Base; path = Base.lproj/LaunchScreen.storyboard; sourceTree = "<group>"; };
		EF8E70471C62F7B100C7D118 /* Info.plist */ = {isa = PBXFileReference; lastKnownFileType = text.plist.xml; path = Info.plist; sourceTree = "<group>"; };
		EFCB55AA1C630695007A57D3 /* InstaViewCell.swift */ = {isa = PBXFileReference; fileEncoding = 4; lastKnownFileType = sourcecode.swift; path = InstaViewCell.swift; sourceTree = "<group>"; };
/* End PBXFileReference section */

/* Begin PBXFrameworksBuildPhase section */
		EF8E70351C62F7B000C7D118 /* Frameworks */ = {
			isa = PBXFrameworksBuildPhase;
			buildActionMask = 2147483647;
			files = (
				146BE5398EA4544FD4521F19 /* Pods_instagram_codepath.framework in Frameworks */,
			);
			runOnlyForDeploymentPostprocessing = 0;
		};
/* End PBXFrameworksBuildPhase section */

/* Begin PBXGroup section */
		9A762F47C2887E6368DD3FE0 /* Frameworks */ = {
			isa = PBXGroup;
			children = (
				3CD144875BED4E5709B076F5 /* Pods_instagram_codepath.framework */,
			);
			name = Frameworks;
			sourceTree = "<group>";
		};
		CB2DF7D397A7876890A38D4B /* Pods */ = {
			isa = PBXGroup;
			children = (
				406455DAF3CD7E6EC82C0E37 /* Pods-instagram-codepath.debug.xcconfig */,
				73655BDE7A630AC7DAAE056C /* Pods-instagram-codepath.release.xcconfig */,
			);
			name = Pods;
			sourceTree = "<group>";
		};
		EF8E702F1C62F7B000C7D118 = {
			isa = PBXGroup;
			children = (
				EF8E703A1C62F7B000C7D118 /* instagram-codepath */,
				EF8E70391C62F7B000C7D118 /* Products */,
				CB2DF7D397A7876890A38D4B /* Pods */,
				9A762F47C2887E6368DD3FE0 /* Frameworks */,
			);
			sourceTree = "<group>";
		};
		EF8E70391C62F7B000C7D118 /* Products */ = {
			isa = PBXGroup;
			children = (
				EF8E70381C62F7B000C7D118 /* instagram-codepath.app */,
			);
			name = Products;
			sourceTree = "<group>";
		};
		EF8E703A1C62F7B000C7D118 /* instagram-codepath */ = {
			isa = PBXGroup;
			children = (
				EFCB55A71C630047007A57D3 /* ViewControllers */,
				EFCB55A61C630042007A57D3 /* Views */,
				EF8E703B1C62F7B100C7D118 /* AppDelegate.swift */,
				EF8E703F1C62F7B100C7D118 /* Main.storyboard */,
				EF8E70421C62F7B100C7D118 /* Assets.xcassets */,
				EF8E70441C62F7B100C7D118 /* LaunchScreen.storyboard */,
				EF8E70471C62F7B100C7D118 /* Info.plist */,
			);
			path = "instagram-codepath";
			sourceTree = "<group>";
		};
		EFCB55A61C630042007A57D3 /* Views */ = {
			isa = PBXGroup;
			children = (
				EFCB55AA1C630695007A57D3 /* InstaViewCell.swift */,
			);
			name = Views;
			sourceTree = "<group>";
		};
		EFCB55A71C630047007A57D3 /* ViewControllers */ = {
			isa = PBXGroup;
			children = (
				EF8E703D1C62F7B100C7D118 /* PhotosViewController.swift */,
			);
			name = ViewControllers;
			sourceTree = "<group>";
		};
/* End PBXGroup section */

/* Begin PBXNativeTarget section */
		EF8E70371C62F7B000C7D118 /* instagram-codepath */ = {
			isa = PBXNativeTarget;
			buildConfigurationList = EF8E704A1C62F7B100C7D118 /* Build configuration list for PBXNativeTarget "instagram-codepath" */;
			buildPhases = (
				544A9279FE572727C385E89F /* Check Pods Manifest.lock */,
				EF8E70341C62F7B000C7D118 /* Sources */,
				EF8E70351C62F7B000C7D118 /* Frameworks */,
				EF8E70361C62F7B000C7D118 /* Resources */,
				0052872A2C33D929200AECD2 /* Embed Pods Frameworks */,
				FEB606662CBFDD5E6A3BFEE8 /* Copy Pods Resources */,
			);
			buildRules = (
			);
			dependencies = (
			);
			name = "instagram-codepath";
			productName = "instagram-codepath";
			productReference = EF8E70381C62F7B000C7D118 /* instagram-codepath.app */;
			productType = "com.apple.product-type.application";
		};
/* End PBXNativeTarget section */

/* Begin PBXProject section */
		EF8E70301C62F7B000C7D118 /* Project object */ = {
			isa = PBXProject;
			attributes = {
				LastSwiftUpdateCheck = 0720;
				LastUpgradeCheck = 0720;
				ORGANIZATIONNAME = "Andrew Yu";
				TargetAttributes = {
					EF8E70371C62F7B000C7D118 = {
						CreatedOnToolsVersion = 7.2;
					};
				};
			};
			buildConfigurationList = EF8E70331C62F7B000C7D118 /* Build configuration list for PBXProject "instagram-codepath" */;
			compatibilityVersion = "Xcode 3.2";
			developmentRegion = English;
			hasScannedForEncodings = 0;
			knownRegions = (
				en,
				Base,
			);
			mainGroup = EF8E702F1C62F7B000C7D118;
			productRefGroup = EF8E70391C62F7B000C7D118 /* Products */;
			projectDirPath = "";
			projectRoot = "";
			targets = (
				EF8E70371C62F7B000C7D118 /* instagram-codepath */,
			);
		};
/* End PBXProject section */

/* Begin PBXResourcesBuildPhase section */
		EF8E70361C62F7B000C7D118 /* Resources */ = {
			isa = PBXResourcesBuildPhase;
			buildActionMask = 2147483647;
			files = (
				EF8E70461C62F7B100C7D118 /* LaunchScreen.storyboard in Resources */,
				EF8E70431C62F7B100C7D118 /* Assets.xcassets in Resources */,
				EF8E70411C62F7B100C7D118 /* Main.storyboard in Resources */,
			);
			runOnlyForDeploymentPostprocessing = 0;
		};
/* End PBXResourcesBuildPhase section */

/* Begin PBXShellScriptBuildPhase section */
		0052872A2C33D929200AECD2 /* Embed Pods Frameworks */ = {
			isa = PBXShellScriptBuildPhase;
			buildActionMask = 2147483647;
			files = (
			);
			inputPaths = (
			);
			name = "Embed Pods Frameworks";
			outputPaths = (
			);
			runOnlyForDeploymentPostprocessing = 0;
			shellPath = /bin/sh;
			shellScript = "\"${SRCROOT}/Pods/Target Support Files/Pods-instagram-codepath/Pods-instagram-codepath-frameworks.sh\"\n";
			showEnvVarsInLog = 0;
		};
		544A9279FE572727C385E89F /* Check Pods Manifest.lock */ = {
			isa = PBXShellScriptBuildPhase;
			buildActionMask = 2147483647;
			files = (
			);
			inputPaths = (
			);
			name = "Check Pods Manifest.lock";
			outputPaths = (
			);
			runOnlyForDeploymentPostprocessing = 0;
			shellPath = /bin/sh;
			shellScript = "diff \"${PODS_ROOT}/../Podfile.lock\" \"${PODS_ROOT}/Manifest.lock\" > /dev/null\nif [[ $? != 0 ]] ; then\n    cat << EOM\nerror: The sandbox is not in sync with the Podfile.lock. Run 'pod install' or update your CocoaPods installation.\nEOM\n    exit 1\nfi\n";
			showEnvVarsInLog = 0;
		};
		FEB606662CBFDD5E6A3BFEE8 /* Copy Pods Resources */ = {
			isa = PBXShellScriptBuildPhase;
			buildActionMask = 2147483647;
			files = (
			);
			inputPaths = (
			);
			name = "Copy Pods Resources";
			outputPaths = (
			);
			runOnlyForDeploymentPostprocessing = 0;
			shellPath = /bin/sh;
			shellScript = "\"${SRCROOT}/Pods/Target Support Files/Pods-instagram-codepath/Pods-instagram-codepath-resources.sh\"\n";
			showEnvVarsInLog = 0;
		};
/* End PBXShellScriptBuildPhase section */

/* Begin PBXSourcesBuildPhase section */
		EF8E70341C62F7B000C7D118 /* Sources */ = {
			isa = PBXSourcesBuildPhase;
			buildActionMask = 2147483647;
			files = (
				EFCB55AB1C630695007A57D3 /* InstaViewCell.swift in Sources */,
				EF8E703E1C62F7B100C7D118 /* PhotosViewController.swift in Sources */,
				EF8E703C1C62F7B100C7D118 /* AppDelegate.swift in Sources */,
			);
			runOnlyForDeploymentPostprocessing = 0;
		};
/* End PBXSourcesBuildPhase section */

/* Begin PBXVariantGroup section */
		EF8E703F1C62F7B100C7D118 /* Main.storyboard */ = {
			isa = PBXVariantGroup;
			children = (
				EF8E70401C62F7B100C7D118 /* Base */,
			);
			name = Main.storyboard;
			sourceTree = "<group>";
		};
		EF8E70441C62F7B100C7D118 /* LaunchScreen.storyboard */ = {
			isa = PBXVariantGroup;
			children = (
				EF8E70451C62F7B100C7D118 /* Base */,
			);
			name = LaunchScreen.storyboard;
			sourceTree = "<group>";
		};
/* End PBXVariantGroup section */

/* Begin XCBuildConfiguration section */
		EF8E70481C62F7B100C7D118 /* Debug */ = {
			isa = XCBuildConfiguration;
			buildSettings = {
				ALWAYS_SEARCH_USER_PATHS = NO;
				CLANG_CXX_LANGUAGE_STANDARD = "gnu++0x";
				CLANG_CXX_LIBRARY = "libc++";
				CLANG_ENABLE_MODULES = YES;
				CLANG_ENABLE_OBJC_ARC = YES;
				CLANG_WARN_BOOL_CONVERSION = YES;
				CLANG_WARN_CONSTANT_CONVERSION = YES;
				CLANG_WARN_DIRECT_OBJC_ISA_USAGE = YES_ERROR;
				CLANG_WARN_EMPTY_BODY = YES;
				CLANG_WARN_ENUM_CONVERSION = YES;
				CLANG_WARN_INT_CONVERSION = YES;
				CLANG_WARN_OBJC_ROOT_CLASS = YES_ERROR;
				CLANG_WARN_UNREACHABLE_CODE = YES;
				CLANG_WARN__DUPLICATE_METHOD_MATCH = YES;
				"CODE_SIGN_IDENTITY[sdk=iphoneos*]" = "iPhone Developer";
				COPY_PHASE_STRIP = NO;
				DEBUG_INFORMATION_FORMAT = dwarf;
				ENABLE_STRICT_OBJC_MSGSEND = YES;
				ENABLE_TESTABILITY = YES;
				GCC_C_LANGUAGE_STANDARD = gnu99;
				GCC_DYNAMIC_NO_PIC = NO;
				GCC_NO_COMMON_BLOCKS = YES;
				GCC_OPTIMIZATION_LEVEL = 0;
				GCC_PREPROCESSOR_DEFINITIONS = (
					"DEBUG=1",
					"$(inherited)",
				);
				GCC_WARN_64_TO_32_BIT_CONVERSION = YES;
				GCC_WARN_ABOUT_RETURN_TYPE = YES_ERROR;
				GCC_WARN_UNDECLARED_SELECTOR = YES;
				GCC_WARN_UNINITIALIZED_AUTOS = YES_AGGRESSIVE;
				GCC_WARN_UNUSED_FUNCTION = YES;
				GCC_WARN_UNUSED_VARIABLE = YES;
				IPHONEOS_DEPLOYMENT_TARGET = 9.2;
				MTL_ENABLE_DEBUG_INFO = YES;
				ONLY_ACTIVE_ARCH = YES;
				SDKROOT = iphoneos;
				SWIFT_OPTIMIZATION_LEVEL = "-Onone";
			};
			name = Debug;
		};
		EF8E70491C62F7B100C7D118 /* Release */ = {
			isa = XCBuildConfiguration;
			buildSettings = {
				ALWAYS_SEARCH_USER_PATHS = NO;
				CLANG_CXX_LANGUAGE_STANDARD = "gnu++0x";
				CLANG_CXX_LIBRARY = "libc++";
				CLANG_ENABLE_MODULES = YES;
				CLANG_ENABLE_OBJC_ARC = YES;
				CLANG_WARN_BOOL_CONVERSION = YES;
				CLANG_WARN_CONSTANT_CONVERSION = YES;
				CLANG_WARN_DIRECT_OBJC_ISA_USAGE = YES_ERROR;
				CLANG_WARN_EMPTY_BODY = YES;
				CLANG_WARN_ENUM_CONVERSION = YES;
				CLANG_WARN_INT_CONVERSION = YES;
				CLANG_WARN_OBJC_ROOT_CLASS = YES_ERROR;
				CLANG_WARN_UNREACHABLE_CODE = YES;
				CLANG_WARN__DUPLICATE_METHOD_MATCH = YES;
				"CODE_SIGN_IDENTITY[sdk=iphoneos*]" = "iPhone Developer";
				COPY_PHASE_STRIP = NO;
				DEBUG_INFORMATION_FORMAT = "dwarf-with-dsym";
				ENABLE_NS_ASSERTIONS = NO;
				ENABLE_STRICT_OBJC_MSGSEND = YES;
				GCC_C_LANGUAGE_STANDARD = gnu99;
				GCC_NO_COMMON_BLOCKS = YES;
				GCC_WARN_64_TO_32_BIT_CONVERSION = YES;
				GCC_WARN_ABOUT_RETURN_TYPE = YES_ERROR;
				GCC_WARN_UNDECLARED_SELECTOR = YES;
				GCC_WARN_UNINITIALIZED_AUTOS = YES_AGGRESSIVE;
				GCC_WARN_UNUSED_FUNCTION = YES;
				GCC_WARN_UNUSED_VARIABLE = YES;
				IPHONEOS_DEPLOYMENT_TARGET = 9.2;
				MTL_ENABLE_DEBUG_INFO = NO;
				SDKROOT = iphoneos;
				VALIDATE_PRODUCT = YES;
			};
			name = Release;
		};
		EF8E704B1C62F7B100C7D118 /* Debug */ = {
			isa = XCBuildConfiguration;
			baseConfigurationReference = 406455DAF3CD7E6EC82C0E37 /* Pods-instagram-codepath.debug.xcconfig */;
			buildSettings = {
				ASSETCATALOG_COMPILER_APPICON_NAME = AppIcon;
				INFOPLIST_FILE = "instagram-codepath/Info.plist";
				LD_RUNPATH_SEARCH_PATHS = "$(inherited) @executable_path/Frameworks";
				PRODUCT_BUNDLE_IDENTIFIER = "com.aychando.instagram-codepath";
				PRODUCT_NAME = "$(TARGET_NAME)";
			};
			name = Debug;
		};
		EF8E704C1C62F7B100C7D118 /* Release */ = {
			isa = XCBuildConfiguration;
			baseConfigurationReference = 73655BDE7A630AC7DAAE056C /* Pods-instagram-codepath.release.xcconfig */;
			buildSettings = {
				ASSETCATALOG_COMPILER_APPICON_NAME = AppIcon;
				INFOPLIST_FILE = "instagram-codepath/Info.plist";
				LD_RUNPATH_SEARCH_PATHS = "$(inherited) @executable_path/Frameworks";
				PRODUCT_BUNDLE_IDENTIFIER = "com.aychando.instagram-codepath";
				PRODUCT_NAME = "$(TARGET_NAME)";
			};
			name = Release;
		};
/* End XCBuildConfiguration section */

/* Begin XCConfigurationList section */
		EF8E70331C62F7B000C7D118 /* Build configuration list for PBXProject "instagram-codepath" */ = {
			isa = XCConfigurationList;
			buildConfigurations = (
				EF8E70481C62F7B100C7D118 /* Debug */,
				EF8E70491C62F7B100C7D118 /* Release */,
			);
			defaultConfigurationIsVisible = 0;
			defaultConfigurationName = Release;
		};
		EF8E704A1C62F7B100C7D118 /* Build configuration list for PBXNativeTarget "instagram-codepath" */ = {
			isa = XCConfigurationList;
			buildConfigurations = (
				EF8E704B1C62F7B100C7D118 /* Debug */,
				EF8E704C1C62F7B100C7D118 /* Release */,
			);
			defaultConfigurationIsVisible = 0;
			defaultConfigurationName = Release;
		};
/* End XCConfigurationList section */
	};
	rootObject = EF8E70301C62F7B000C7D118 /* Project object */;
}
